{
  "version": "5",
  "specifiers": {
    "jsr:@hono/hono@4": "4.11.3",
    "jsr:@std/assert@1": "1.0.16",
    "jsr:@std/async@1": "1.0.16",
    "jsr:@std/bytes@1": "1.0.6",
    "jsr:@std/bytes@^1.0.6": "1.0.6",
    "jsr:@std/cli@^1.0.25": "1.0.25",
    "jsr:@std/crypto@1": "1.0.5",
    "jsr:@std/crypto@^1.0.5": "1.0.5",
    "jsr:@std/encoding@1": "1.0.10",
    "jsr:@std/encoding@^1.0.10": "1.0.10",
    "jsr:@std/fmt@^1.0.8": "1.0.8",
    "jsr:@std/fs@^1.0.21": "1.0.21",
    "jsr:@std/html@^1.0.5": "1.0.5",
    "jsr:@std/http@1": "1.0.23",
    "jsr:@std/internal@^1.0.12": "1.0.12",
    "jsr:@std/media-types@^1.1.0": "1.1.0",
    "jsr:@std/net@^1.0.6": "1.0.6",
    "jsr:@std/path@^1.1.4": "1.1.4",
    "jsr:@std/streams@1": "1.0.16",
    "jsr:@std/streams@^1.0.16": "1.0.16",
    "jsr:@std/uuid@1": "1.1.0",
    "jsr:@supabase/functions-js@*": "2.5.0",
    "jsr:@supabase/functions-js@^0.0.0-automated": "0.0.0-jsr-test.1",
    "jsr:@supabase/supabase-js@2": "2.86.0",
    "jsr:@supabase/supabase-js@^2.47.10": "2.86.0",
    "jsr:@valibot/valibot@1": "1.2.0",
    "npm:@opentelemetry/api@^1.9.0": "1.9.0",
    "npm:@opentelemetry/exporter-trace-otlp-http@0.56": "0.56.0_@opentelemetry+api@1.9.0",
    "npm:@opentelemetry/sdk-trace-base@^1.28.0": "1.29.0_@opentelemetry+api@1.9.0",
    "npm:@supabase/auth-js@2.86.0": "2.86.0",
    "npm:@supabase/postgrest-js@2.86.0": "2.86.0",
    "npm:@supabase/realtime-js@2.86.0": "2.86.0",
    "npm:@supabase/storage-js@2.86.0": "2.86.0",
    "npm:openai@^4.52.5": "4.104.0"
  },
  "jsr": {
    "@hono/hono@4.11.3": {
      "integrity": "de7f245516a970c60c6f4bf5b0f1585efbee38ee4e01171994c2b9d69d035d70"
    },
    "@std/assert@1.0.16": {
      "integrity": "6a7272ed1eaa77defe76e5ff63ca705d9c495077e2d5fd0126d2b53fc5bd6532",
      "dependencies": [
        "jsr:@std/internal"
      ]
    },
    "@std/async@1.0.16": {
      "integrity": "6c9e43035313b67b5de43e2b3ee3eadb39a488a0a0a3143097f112e025d3ee9a"
    },
    "@std/bytes@1.0.6": {
      "integrity": "f6ac6adbd8ccd99314045f5703e23af0a68d7f7e58364b47d2c7f408aeb5820a"
    },
    "@std/cli@1.0.25": {
      "integrity": "1f85051b370c97a7a9dfc6ba626e7ed57a91bea8c081597276d1e78d929d8c91"
    },
    "@std/crypto@1.0.5": {
      "integrity": "0dcfbb319fe0bba1bd3af904ceb4f948cde1b92979ec1614528380ed308a3b40"
    },
    "@std/encoding@1.0.10": {
      "integrity": "8783c6384a2d13abd5e9e87a7ae0520a30e9f56aeeaa3bdf910a3eaaf5c811a1"
    },
    "@std/fmt@1.0.8": {
      "integrity": "71e1fc498787e4434d213647a6e43e794af4fd393ef8f52062246e06f7e372b7"
    },
    "@std/fs@1.0.21": {
      "integrity": "d720fe1056d78d43065a4d6e0eeb2b19f34adb8a0bc7caf3a4dbf1d4178252cd"
    },
    "@std/html@1.0.5": {
      "integrity": "4e2d693f474cae8c16a920fa5e15a3b72267b94b84667f11a50c6dd1cb18d35e"
    },
    "@std/http@1.0.23": {
      "integrity": "6634e9e034c589bf35101c1b5ee5bbf052a5987abca20f903e58bdba85c80dee",
      "dependencies": [
        "jsr:@std/cli",
        "jsr:@std/encoding@^1.0.10",
        "jsr:@std/fmt",
        "jsr:@std/fs",
        "jsr:@std/html",
        "jsr:@std/media-types",
        "jsr:@std/net",
        "jsr:@std/path",
        "jsr:@std/streams@^1.0.16"
      ]
    },
    "@std/internal@1.0.12": {
      "integrity": "972a634fd5bc34b242024402972cd5143eac68d8dffaca5eaa4dba30ce17b027"
    },
    "@std/media-types@1.1.0": {
      "integrity": "c9d093f0c05c3512932b330e3cc1fe1d627b301db33a4c2c2185c02471d6eaa4"
    },
    "@std/net@1.0.6": {
      "integrity": "110735f93e95bb9feb95790a8b1d1bf69ec0dc74f3f97a00a76ea5efea25500c"
    },
    "@std/path@1.1.4": {
      "integrity": "1d2d43f39efb1b42f0b1882a25486647cb851481862dc7313390b2bb044314b5",
      "dependencies": [
        "jsr:@std/internal"
      ]
    },
    "@std/streams@1.0.16": {
      "integrity": "85030627befb1767c60d4f65cb30fa2f94af1d6ee6e5b2515b76157a542e89c4",
      "dependencies": [
        "jsr:@std/bytes@^1.0.6"
      ]
    },
    "@std/uuid@1.1.0": {
      "integrity": "6268db2ccf172849c9be80763354ca305d49ef4af41fe995623d44fcc3f7457c",
      "dependencies": [
        "jsr:@std/bytes@^1.0.6",
        "jsr:@std/crypto@^1.0.5"
      ]
    },
    "@supabase/functions-js@0.0.0-jsr-test.1": {
      "integrity": "b1b37924af1f0011b4753201e1585a37b030e996c6682492e02575eb27d902b2"
    },
    "@supabase/functions-js@2.5.0": {
      "integrity": "c48e3fc5da1510ce6dab34af3fc49cd637ea7b721d92faffd0545cbdcc548430",
      "dependencies": [
        "npm:openai"
      ]
    },
    "@supabase/supabase-js@2.86.0": {
      "integrity": "eeb5ffacb8ac12adf43771e9ee9ed563fccd90621c85c38c3c396134fbc580cd",
      "dependencies": [
        "jsr:@supabase/functions-js@^0.0.0-automated",
        "npm:@supabase/auth-js",
        "npm:@supabase/postgrest-js",
        "npm:@supabase/realtime-js",
        "npm:@supabase/storage-js"
      ]
    },
    "@valibot/valibot@1.2.0": {
      "integrity": "61c118a4d027ed55912caf381c78f0a178f335f46ad0c4bcb136498dc1ef2285"
    }
  },
  "npm": {
    "@opentelemetry/api-logs@0.56.0": {
      "integrity": "sha512-Wr39+94UNNG3Ei9nv3pHd4AJ63gq5nSemMRpCd8fPwDL9rN3vK26lzxfH27mw16XzOSO+TpyQwBAMaLxaPWG0g==",
      "dependencies": [
        "@opentelemetry/api"
      ]
    },
    "@opentelemetry/api@1.9.0": {
      "integrity": "sha512-3giAOQvZiH5F9bMlMiv8+GSPMeqg0dbaeo58/0SlA9sxSqZhnUtxzX9/2FzyhS9sWQf5S0GJE0AKBrFqjpeYcg=="
    },
    "@opentelemetry/core@1.29.0_@opentelemetry+api@1.9.0": {
      "integrity": "sha512-gmT7vAreXl0DTHD2rVZcw3+l2g84+5XiHIqdBUxXbExymPCvSsGOpiwMmn8nkiJur28STV31wnhIDrzWDPzjfA==",
      "dependencies": [
        "@opentelemetry/api",
        "@opentelemetry/semantic-conventions"
      ]
    },
    "@opentelemetry/exporter-trace-otlp-http@0.56.0_@opentelemetry+api@1.9.0": {
      "integrity": "sha512-vqVuJvcwameA0r0cNrRzrZqPLB0otS+95g0XkZdiKOXUo81wYdY6r4kyrwz4nSChqTBEFm0lqi/H2OWGboOa6g==",
      "dependencies": [
        "@opentelemetry/api",
        "@opentelemetry/core",
        "@opentelemetry/otlp-exporter-base",
        "@opentelemetry/otlp-transformer",
        "@opentelemetry/resources",
        "@opentelemetry/sdk-trace-base"
      ]
    },
    "@opentelemetry/otlp-exporter-base@0.56.0_@opentelemetry+api@1.9.0": {
      "integrity": "sha512-eURvv0fcmBE+KE1McUeRo+u0n18ZnUeSc7lDlW/dzlqFYasEbsztTK4v0Qf8C4vEY+aMTjPKUxBG0NX2Te3Pmw==",
      "dependencies": [
        "@opentelemetry/api",
        "@opentelemetry/core",
        "@opentelemetry/otlp-transformer"
      ]
    },
    "@opentelemetry/otlp-transformer@0.56.0_@opentelemetry+api@1.9.0": {
      "integrity": "sha512-kVkH/W2W7EpgWWpyU5VnnjIdSD7Y7FljQYObAQSKdRcejiwMj2glypZtUdfq1LTJcv4ht0jyTrw1D3CCxssNtQ==",
      "dependencies": [
        "@opentelemetry/api",
        "@opentelemetry/api-logs",
        "@opentelemetry/core",
        "@opentelemetry/resources",
        "@opentelemetry/sdk-logs",
        "@opentelemetry/sdk-metrics",
        "@opentelemetry/sdk-trace-base",
        "protobufjs"
      ]
    },
    "@opentelemetry/resources@1.29.0_@opentelemetry+api@1.9.0": {
      "integrity": "sha512-s7mLXuHZE7RQr1wwweGcaRp3Q4UJJ0wazeGlc/N5/XSe6UyXfsh1UQGMADYeg7YwD+cEdMtU1yJAUXdnFzYzyQ==",
      "dependencies": [
        "@opentelemetry/api",
        "@opentelemetry/core",
        "@opentelemetry/semantic-conventions"
      ]
    },
    "@opentelemetry/sdk-logs@0.56.0_@opentelemetry+api@1.9.0": {
      "integrity": "sha512-OS0WPBJF++R/cSl+terUjQH5PebloidB1Jbbecgg2rnCmQbTST9xsRes23bLfDQVRvmegmHqDh884h0aRdJyLw==",
      "dependencies": [
        "@opentelemetry/api",
        "@opentelemetry/api-logs",
        "@opentelemetry/core",
        "@opentelemetry/resources"
      ]
    },
    "@opentelemetry/sdk-metrics@1.29.0_@opentelemetry+api@1.9.0": {
      "integrity": "sha512-MkVtuzDjXZaUJSuJlHn6BSXjcQlMvHcsDV7LjY4P6AJeffMa4+kIGDjzsCf6DkAh6Vqlwag5EWEam3KZOX5Drw==",
      "dependencies": [
        "@opentelemetry/api",
        "@opentelemetry/core",
        "@opentelemetry/resources"
      ]
    },
    "@opentelemetry/sdk-trace-base@1.29.0_@opentelemetry+api@1.9.0": {
      "integrity": "sha512-hEOpAYLKXF3wGJpXOtWsxEtqBgde0SCv+w+jvr3/UusR4ll3QrENEGnSl1WDCyRrpqOQ5NCNOvZch9UFVa7MnQ==",
      "dependencies": [
        "@opentelemetry/api",
        "@opentelemetry/core",
        "@opentelemetry/resources",
        "@opentelemetry/semantic-conventions"
      ]
    },
    "@opentelemetry/semantic-conventions@1.28.0": {
      "integrity": "sha512-lp4qAiMTD4sNWW4DbKLBkfiMZ4jbAboJIGOQr5DvciMRI494OapieI9qiODpOt0XBr1LjIDy1xAGAnVs5supTA=="
    },
    "@protobufjs/aspromise@1.1.2": {
      "integrity": "sha512-j+gKExEuLmKwvz3OgROXtrJ2UG2x8Ch2YZUxahh+s1F2HZ+wAceUNLkvy6zKCPVRkU++ZWQrdxsUeQXmcg4uoQ=="
    },
    "@protobufjs/base64@1.1.2": {
      "integrity": "sha512-AZkcAA5vnN/v4PDqKyMR5lx7hZttPDgClv83E//FMNhR2TMcLUhfRUBHCmSl0oi9zMgDDqRUJkSxO3wm85+XLg=="
    },
    "@protobufjs/codegen@2.0.4": {
      "integrity": "sha512-YyFaikqM5sH0ziFZCN3xDC7zeGaB/d0IUb9CATugHWbd1FRFwWwt4ld4OYMPWu5a3Xe01mGAULCdqhMlPl29Jg=="
    },
    "@protobufjs/eventemitter@1.1.0": {
      "integrity": "sha512-j9ednRT81vYJ9OfVuXG6ERSTdEL1xVsNgqpkxMsbIabzSo3goCjDIveeGv5d03om39ML71RdmrGNjG5SReBP/Q=="
    },
    "@protobufjs/fetch@1.1.0": {
      "integrity": "sha512-lljVXpqXebpsijW71PZaCYeIcE5on1w5DlQy5WH6GLbFryLUrBD4932W/E2BSpfRJWseIL4v/KPgBFxDOIdKpQ==",
      "dependencies": [
        "@protobufjs/aspromise",
        "@protobufjs/inquire"
      ]
    },
    "@protobufjs/float@1.0.2": {
      "integrity": "sha512-Ddb+kVXlXst9d+R9PfTIxh1EdNkgoRe5tOX6t01f1lYWOvJnSPDBlG241QLzcyPdoNTsblLUdujGSE4RzrTZGQ=="
    },
    "@protobufjs/inquire@1.1.0": {
      "integrity": "sha512-kdSefcPdruJiFMVSbn801t4vFK7KB/5gd2fYvrxhuJYg8ILrmn9SKSX2tZdV6V+ksulWqS7aXjBcRXl3wHoD9Q=="
    },
    "@protobufjs/path@1.1.2": {
      "integrity": "sha512-6JOcJ5Tm08dOHAbdR3GrvP+yUUfkjG5ePsHYczMFLq3ZmMkAD98cDgcT2iA1lJ9NVwFd4tH/iSSoe44YWkltEA=="
    },
    "@protobufjs/pool@1.1.0": {
      "integrity": "sha512-0kELaGSIDBKvcgS4zkjz1PeddatrjYcmMWOlAuAPwAeccUrPHdUqo/J6LiymHHEiJT5NrF1UVwxY14f+fy4WQw=="
    },
    "@protobufjs/utf8@1.1.0": {
      "integrity": "sha512-Vvn3zZrhQZkkBE8LSuW3em98c0FwgO4nxzv6OdSxPKJIEKY2bGbHn+mhGIPerzI4twdxaP8/0+06HBpwf345Lw=="
    },
    "@supabase/auth-js@2.86.0": {
      "integrity": "sha512-3xPqMvBWC6Haqpr6hEWmSUqDq+6SA1BAEdbiaHdAZM9QjZ5uiQJ+6iD9pZOzOa6MVXZh4GmwjhC9ObIG0K1NcA==",
      "dependencies": [
        "tslib"
      ]
    },
    "@supabase/postgrest-js@2.86.0": {
      "integrity": "sha512-QVf+wIXILcZJ7IhWhWn+ozdf8B+oO0Ulizh2AAPxD/6nQL+x3r9lJ47a+fpc/jvAOGXMbkeW534Kw6jz7e8iIA==",
      "dependencies": [
        "tslib"
      ]
    },
    "@supabase/realtime-js@2.86.0": {
      "integrity": "sha512-dyS8bFoP29R/sj5zLi0AP3JfgG8ar1nuImcz5jxSx7UIW7fbFsXhUCVrSY2Ofo0+Ev6wiATiSdBOzBfWaiFyPA==",
      "dependencies": [
        "@types/phoenix",
        "@types/ws",
        "tslib",
        "ws"
      ]
    },
    "@supabase/storage-js@2.86.0": {
      "integrity": "sha512-PM47jX/Mfobdtx7NNpoj9EvlrkapAVTQBZgGGslEXD6NS70EcGjhgRPBItwHdxZPM5GwqQ0cGMN06uhjeY2mHQ==",
      "dependencies": [
        "iceberg-js",
        "tslib"
      ]
    },
    "@types/node-fetch@2.6.13": {
      "integrity": "sha512-QGpRVpzSaUs30JBSGPjOg4Uveu384erbHBoT1zeONvyCfwQxIkUshLAOqN/k9EjGviPRmWTTe6aH2qySWKTVSw==",
      "dependencies": [
        "@types/node@18.19.130",
        "form-data"
      ]
    },
    "@types/node@18.19.130": {
      "integrity": "sha512-GRaXQx6jGfL8sKfaIDD6OupbIHBr9jv7Jnaml9tB7l4v068PAOXqfcujMMo5PhbIs6ggR1XODELqahT2R8v0fg==",
      "dependencies": [
        "undici-types@5.26.5"
      ]
    },
    "@types/node@24.2.0": {
      "integrity": "sha512-3xyG3pMCq3oYCNg7/ZP+E1ooTaGB4cG8JWRsqqOYQdbWNY4zbaV0Ennrd7stjiJEFZCaybcIgpTjJWHRfBSIDw==",
      "dependencies": [
        "undici-types@7.10.0"
      ]
    },
    "@types/phoenix@1.6.6": {
      "integrity": "sha512-PIzZZlEppgrpoT2QgbnDU+MMzuR6BbCjllj0bM70lWoejMeNJAxCchxnv7J3XFkI8MpygtRpzXrIlmWUBclP5A=="
    },
    "@types/ws@8.18.1": {
      "integrity": "sha512-ThVF6DCVhA8kUGy+aazFQ4kXQ7E1Ty7A3ypFOe0IcJV8O/M511G99AW24irKrW56Wt44yG9+ij8FaqoBGkuBXg==",
      "dependencies": [
        "@types/node@24.2.0"
      ]
    },
    "abort-controller@3.0.0": {
      "integrity": "sha512-h8lQ8tacZYnR3vNQTgibj+tODHI5/+l06Au2Pcriv/Gmet0eaj4TwWH41sO9wnHDiQsEj19q0drzdWdeAHtweg==",
      "dependencies": [
        "event-target-shim"
      ]
    },
    "agentkeepalive@4.6.0": {
      "integrity": "sha512-kja8j7PjmncONqaTsB8fQ+wE2mSU2DJ9D4XKoJ5PFWIdRMa6SLSN1ff4mOr4jCbfRSsxR4keIiySJU0N9T5hIQ==",
      "dependencies": [
        "humanize-ms"
      ]
    },
    "asynckit@0.4.0": {
      "integrity": "sha512-Oei9OH4tRh0YqU3GxhX79dM/mwVgvbZJaSNaRk+bshkj0S5cfHcgYakreBjrHwatXKbz+IoIdYLxrKim2MjW0Q=="
    },
    "call-bind-apply-helpers@1.0.2": {
      "integrity": "sha512-Sp1ablJ0ivDkSzjcaJdxEunN5/XvksFJ2sMBFfq6x0ryhQV/2b/KwFe21cMpmHtPOSij8K99/wSfoEuTObmuMQ==",
      "dependencies": [
        "es-errors",
        "function-bind"
      ]
    },
    "combined-stream@1.0.8": {
      "integrity": "sha512-FQN4MRfuJeHf7cBbBMJFXhKSDq+2kAArBlmRBvcvFE5BB1HZKXtSFASDhdlz9zOYwxh8lDdnvmMOe/+5cdoEdg==",
      "dependencies": [
        "delayed-stream"
      ]
    },
    "delayed-stream@1.0.0": {
      "integrity": "sha512-ZySD7Nf91aLB0RxL4KGrKHBXl7Eds1DAmEdcoVawXnLD7SDhpNgtuII2aAkg7a7QS41jxPSZ17p4VdGnMHk3MQ=="
    },
    "dunder-proto@1.0.1": {
      "integrity": "sha512-KIN/nDJBQRcXw0MLVhZE9iQHmG68qAVIBg9CqmUYjmQIhgij9U5MFvrqkUL5FbtyyzZuOeOt0zdeRe4UY7ct+A==",
      "dependencies": [
        "call-bind-apply-helpers",
        "es-errors",
        "gopd"
      ]
    },
    "es-define-property@1.0.1": {
      "integrity": "sha512-e3nRfgfUZ4rNGL232gUgX06QNyyez04KdjFrF+LTRoOXmrOgFKDg4BCdsjW8EnT69eqdYGmRpJwiPVYNrCaW3g=="
    },
    "es-errors@1.3.0": {
      "integrity": "sha512-Zf5H2Kxt2xjTvbJvP2ZWLEICxA6j+hAmMzIlypy4xcBg1vKVnx89Wy0GbS+kf5cwCVFFzdCFh2XSCFNULS6csw=="
    },
    "es-object-atoms@1.1.1": {
      "integrity": "sha512-FGgH2h8zKNim9ljj7dankFPcICIK9Cp5bm+c2gQSYePhpaG5+esrLODihIorn+Pe6FGJzWhXQotPv73jTaldXA==",
      "dependencies": [
        "es-errors"
      ]
    },
    "es-set-tostringtag@2.1.0": {
      "integrity": "sha512-j6vWzfrGVfyXxge+O0x5sh6cvxAog0a/4Rdd2K36zCMV5eJ+/+tOAngRO8cODMNWbVRdVlmGZQL2YS3yR8bIUA==",
      "dependencies": [
        "es-errors",
        "get-intrinsic",
        "has-tostringtag",
        "hasown"
      ]
    },
    "event-target-shim@5.0.1": {
      "integrity": "sha512-i/2XbnSz/uxRCU6+NdVJgKWDTM427+MqYbkQzD321DuCQJUqOuJKIA0IM2+W2xtYHdKOmZ4dR6fExsd4SXL+WQ=="
    },
    "form-data-encoder@1.7.2": {
      "integrity": "sha512-qfqtYan3rxrnCk1VYaA4H+Ms9xdpPqvLZa6xmMgFvhO32x7/3J/ExcTd6qpxM0vH2GdMI+poehyBZvqfMTto8A=="
    },
    "form-data@4.0.5": {
      "integrity": "sha512-8RipRLol37bNs2bhoV67fiTEvdTrbMUYcFTiy3+wuuOnUog2QBHCZWXDRijWQfAkhBj2Uf5UnVaiWwA5vdd82w==",
      "dependencies": [
        "asynckit",
        "combined-stream",
        "es-set-tostringtag",
        "hasown",
        "mime-types"
      ]
    },
    "formdata-node@4.4.1": {
      "integrity": "sha512-0iirZp3uVDjVGt9p49aTaqjk84TrglENEDuqfdlZQ1roC9CWlPk6Avf8EEnZNcAqPonwkG35x4n3ww/1THYAeQ==",
      "dependencies": [
        "node-domexception",
        "web-streams-polyfill"
      ]
    },
    "function-bind@1.1.2": {
      "integrity": "sha512-7XHNxH7qX9xG5mIwxkhumTox/MIRNcOgDrxWsMt2pAr23WHp6MrRlN7FBSFpCpr+oVO0F744iUgR82nJMfG2SA=="
    },
    "get-intrinsic@1.3.0": {
      "integrity": "sha512-9fSjSaos/fRIVIp+xSJlE6lfwhES7LNtKaCBIamHsjr2na1BiABJPo0mOjjz8GJDURarmCPGqaiVg5mfjb98CQ==",
      "dependencies": [
        "call-bind-apply-helpers",
        "es-define-property",
        "es-errors",
        "es-object-atoms",
        "function-bind",
        "get-proto",
        "gopd",
        "has-symbols",
        "hasown",
        "math-intrinsics"
      ]
    },
    "get-proto@1.0.1": {
      "integrity": "sha512-sTSfBjoXBp89JvIKIefqw7U2CCebsc74kiY6awiGogKtoSGbgjYE/G/+l9sF3MWFPNc9IcoOC4ODfKHfxFmp0g==",
      "dependencies": [
        "dunder-proto",
        "es-object-atoms"
      ]
    },
    "gopd@1.2.0": {
      "integrity": "sha512-ZUKRh6/kUFoAiTAtTYPZJ3hw9wNxx+BIBOijnlG9PnrJsCcSjs1wyyD6vJpaYtgnzDrKYRSqf3OO6Rfa93xsRg=="
    },
    "has-symbols@1.1.0": {
      "integrity": "sha512-1cDNdwJ2Jaohmb3sg4OmKaMBwuC48sYni5HUw2DvsC8LjGTLK9h+eb1X6RyuOHe4hT0ULCW68iomhjUoKUqlPQ=="
    },
    "has-tostringtag@1.0.2": {
      "integrity": "sha512-NqADB8VjPFLM2V0VvHUewwwsw0ZWBaIdgo+ieHtK3hasLz4qeCRjYcqfB6AQrBggRKppKF8L52/VqdVsO47Dlw==",
      "dependencies": [
        "has-symbols"
      ]
    },
    "hasown@2.0.2": {
      "integrity": "sha512-0hJU9SCPvmMzIBdZFqNPXWa6dqh7WdH0cII9y+CyS8rG3nL48Bclra9HmKhVVUHyPWNH5Y7xDwAB7bfgSjkUMQ==",
      "dependencies": [
        "function-bind"
      ]
    },
    "humanize-ms@1.2.1": {
      "integrity": "sha512-Fl70vYtsAFb/C06PTS9dZBo7ihau+Tu/DNCk/OyHhea07S+aeMWpFFkUaXRa8fI+ScZbEI8dfSxwY7gxZ9SAVQ==",
      "dependencies": [
        "ms"
      ]
    },
    "iceberg-js@0.8.0": {
      "integrity": "sha512-kmgmea2nguZEvRqW79gDqNXyxA3OS5WIgMVffrHpqXV4F/J4UmNIw2vstixioLTNSkd5rFB8G0s3Lwzogm6OFw=="
    },
    "long@5.3.2": {
      "integrity": "sha512-mNAgZ1GmyNhD7AuqnTG3/VQ26o760+ZYBPKjPvugO8+nLbYfX6TVpJPseBvopbdY+qpZ/lKUnmEc1LeZYS3QAA=="
    },
    "math-intrinsics@1.1.0": {
      "integrity": "sha512-/IXtbwEk5HTPyEwyKX6hGkYXxM9nbj64B+ilVJnC/R6B0pH5G4V3b0pVbL7DBj4tkhBAppbQUlf6F6Xl9LHu1g=="
    },
    "mime-db@1.52.0": {
      "integrity": "sha512-sPU4uV7dYlvtWJxwwxHD0PuihVNiE7TyAbQ5SWxDCB9mUYvOgroQOwYQQOKPJ8CIbE+1ETVlOoK1UC2nU3gYvg=="
    },
    "mime-types@2.1.35": {
      "integrity": "sha512-ZDY+bPm5zTTF+YpCrAU9nK0UgICYPT0QtT1NZWFv4s++TNkcgVaT0g6+4R2uI4MjQjzysHB1zxuWL50hzaeXiw==",
      "dependencies": [
        "mime-db"
      ]
    },
    "ms@2.1.3": {
      "integrity": "sha512-6FlzubTLZG3J2a/NVCAleEhjzq5oxgHyaCU9yYXvcLsvoVaHJq/s5xXI6/XXP6tz7R9xAOtHnSO/tXtF3WRTlA=="
    },
    "node-domexception@1.0.0": {
      "integrity": "sha512-/jKZoMpw0F8GRwl4/eLROPA3cfcXtLApP0QzLmUT/HuPCZWyB7IY9ZrMeKw2O/nFIqPQB3PVM9aYm0F312AXDQ==",
      "deprecated": true
    },
    "node-fetch@2.7.0": {
      "integrity": "sha512-c4FRfUm/dbcWZ7U+1Wq0AwCyFL+3nt2bEw05wfxSz+DWpWsitgmSgYmy2dQdWyKC1694ELPqMs/YzUSNozLt8A==",
      "dependencies": [
        "whatwg-url"
      ]
    },
    "openai@4.104.0": {
      "integrity": "sha512-p99EFNsA/yX6UhVO93f5kJsDRLAg+CTA2RBqdHK4RtK8u5IJw32Hyb2dTGKbnnFmnuoBv5r7Z2CURI9sGZpSuA==",
      "dependencies": [
        "@types/node@18.19.130",
        "@types/node-fetch",
        "abort-controller",
        "agentkeepalive",
        "form-data-encoder",
        "formdata-node",
        "node-fetch"
      ],
      "bin": true
    },
    "protobufjs@7.5.4": {
      "integrity": "sha512-CvexbZtbov6jW2eXAvLukXjXUW1TzFaivC46BpWc/3BpcCysb5Vffu+B3XHMm8lVEuy2Mm4XGex8hBSg1yapPg==",
      "dependencies": [
        "@protobufjs/aspromise",
        "@protobufjs/base64",
        "@protobufjs/codegen",
        "@protobufjs/eventemitter",
        "@protobufjs/fetch",
        "@protobufjs/float",
        "@protobufjs/inquire",
        "@protobufjs/path",
        "@protobufjs/pool",
        "@protobufjs/utf8",
        "@types/node@24.2.0",
        "long"
      ],
      "scripts": true
    },
    "tr46@0.0.3": {
      "integrity": "sha512-N3WMsuqV66lT30CrXNbEjx4GEwlow3v6rr4mCcv6prnfwhS01rkgyFdjPNBYd9br7LpXV1+Emh01fHnq2Gdgrw=="
    },
    "tslib@2.8.1": {
      "integrity": "sha512-oJFu94HQb+KVduSUQL7wnpmqnfmLsOA/nAh6b6EH0wCEoK0/mPeXU6c3wKDV83MkOuHPRHtSXKKU99IBazS/2w=="
    },
    "undici-types@5.26.5": {
      "integrity": "sha512-JlCMO+ehdEIKqlFxk6IfVoAUVmgz7cU7zD/h9XZ0qzeosSHmUJVOzSQvvYSYWXkFXC+IfLKSIffhv0sVZup6pA=="
    },
    "undici-types@7.10.0": {
      "integrity": "sha512-t5Fy/nfn+14LuOc2KNYg75vZqClpAiqscVvMygNnlsHBFpSXdJaYtXMcdNLpl/Qvc3P2cB3s6lOV51nqsFq4ag=="
    },
    "web-streams-polyfill@4.0.0-beta.3": {
      "integrity": "sha512-QW95TCTaHmsYfHDybGMwO5IJIM93I/6vTRk+daHTWFPhwh+C8Cg7j7XyKrwrj8Ib6vYXe0ocYNrmzY4xAAN6ug=="
    },
    "webidl-conversions@3.0.1": {
      "integrity": "sha512-2JAn3z8AR6rjK8Sm8orRC0h/bcl/DqL7tRPdGZ4I1CjdF+EaMLmYxBHyXuKL849eucPFhvBoxMsflfOb8kxaeQ=="
    },
    "whatwg-url@5.0.0": {
      "integrity": "sha512-saE57nupxk6v3HY35+jzBwYa0rKSy0XR8JSxZPwgLr7ys0IBzhGviA1/TUGJLmSVqs8pb9AnvICXEuOHLprYTw==",
      "dependencies": [
        "tr46",
        "webidl-conversions"
      ]
    },
    "ws@8.18.3": {
      "integrity": "sha512-PEIGCY5tSlUt50cqyMXfCzX+oOPqN0vuGqWzbcJ2xvnkzkq46oOpz7dQaTDBdfICb4N14+GARUDw2XV2N4tvzg=="
    }
  },
  "redirects": {
    "https://esm.sh/@supabase/functions-js@^2.1.5?target=denonext": "https://esm.sh/@supabase/functions-js@2.94.0?target=denonext",
    "https://esm.sh/@supabase/gotrue-js@^2.56.0?target=denonext": "https://esm.sh/@supabase/gotrue-js@2.94.0?target=denonext",
    "https://esm.sh/@supabase/node-fetch@^2.6.14?target=denonext": "https://esm.sh/@supabase/node-fetch@2.6.15?target=denonext",
    "https://esm.sh/@supabase/postgrest-js@^1.8.5?target=denonext": "https://esm.sh/@supabase/postgrest-js@1.21.4?target=denonext",
    "https://esm.sh/@supabase/realtime-js@^2.8.4?target=denonext": "https://esm.sh/@supabase/realtime-js@2.94.0?target=denonext",
    "https://esm.sh/@supabase/storage-js@^2.5.4?target=denonext": "https://esm.sh/@supabase/storage-js@2.94.0?target=denonext",
    "https://esm.sh/@supabase/supabase-js@2": "https://esm.sh/@supabase/supabase-js@2.94.0",
    "https://esm.sh/iceberg-js@^0.8.1?target=denonext": "https://esm.sh/iceberg-js@0.8.1?target=denonext",
    "https://esm.sh/tr46@~0.0.3?target=denonext": "https://esm.sh/tr46@0.0.3?target=denonext",
    "https://esm.sh/webidl-conversions@^3.0.0?target=denonext": "https://esm.sh/webidl-conversions@3.0.1?target=denonext",
    "https://esm.sh/whatwg-url@^5.0.0?target=denonext": "https://esm.sh/whatwg-url@5.0.0?target=denonext"
  },
  "remote": {
    "https://cdn.skypack.dev/-/debug@v4.3.4-o4liVvMlOnQWbLSYZMXw/dist=es2019,mode=imports/optimized/debug.js": "671100993996e39b501301a87000607916d4d2d9f8fc8e9c5200ae5ba64a1389",
    "https://cdn.skypack.dev/-/ms@v2.1.2-giBDZ1IA5lmQ3ZXaa87V/dist=es2019,mode=imports/optimized/ms.js": "fd88e2d51900437011f1ad232f3393ce97db1b87a7844b3c58dd6d65562c1276",
    "https://cdn.skypack.dev/debug@4.3.4": "7b1d010cc930f71b940ba5941da055bc181115229e29de7214bdb4425c68ea76",
    "https://deno.land/std@0.208.0/assert/_constants.ts": "8a9da298c26750b28b326b297316cdde860bc237533b07e1337c021379e6b2a9",
    "https://deno.land/std@0.208.0/assert/_diff.ts": "58e1461cc61d8eb1eacbf2a010932bf6a05b79344b02ca38095f9b805795dc48",
    "https://deno.land/std@0.208.0/assert/_format.ts": "a69126e8a469009adf4cf2a50af889aca364c349797e63174884a52ff75cf4c7",
    "https://deno.land/std@0.208.0/assert/assert.ts": "9a97dad6d98c238938e7540736b826440ad8c1c1e54430ca4c4e623e585607ee",
    "https://deno.land/std@0.208.0/assert/assert_almost_equals.ts": "e15ca1f34d0d5e0afae63b3f5d975cbd18335a132e42b0c747d282f62ad2cd6c",
    "https://deno.land/std@0.208.0/assert/assert_array_includes.ts": "6856d7f2c3544bc6e62fb4646dfefa3d1df5ff14744d1bca19f0cbaf3b0d66c9",
    "https://deno.land/std@0.208.0/assert/assert_equals.ts": "d8ec8a22447fbaf2fc9d7c3ed2e66790fdb74beae3e482855d75782218d68227",
    "https://deno.land/std@0.208.0/assert/assert_exists.ts": "407cb6b9fb23a835cd8d5ad804e2e2edbbbf3870e322d53f79e1c7a512e2efd7",
    "https://deno.land/std@0.208.0/assert/assert_false.ts": "0ccbcaae910f52c857192ff16ea08bda40fdc79de80846c206bfc061e8c851c6",
    "https://deno.land/std@0.208.0/assert/assert_greater.ts": "ae2158a2d19313bf675bf7251d31c6dc52973edb12ac64ac8fc7064152af3e63",
    "https://deno.land/std@0.208.0/assert/assert_greater_or_equal.ts": "1439da5ebbe20855446cac50097ac78b9742abe8e9a43e7de1ce1426d556e89c",
    "https://deno.land/std@0.208.0/assert/assert_instance_of.ts": "3aedb3d8186e120812d2b3a5dea66a6e42bf8c57a8bd927645770bd21eea554c",
    "https://deno.land/std@0.208.0/assert/assert_is_error.ts": "c21113094a51a296ffaf036767d616a78a2ae5f9f7bbd464cd0197476498b94b",
    "https://deno.land/std@0.208.0/assert/assert_less.ts": "aec695db57db42ec3e2b62e97e1e93db0063f5a6ec133326cc290ff4b71b47e4",
    "https://deno.land/std@0.208.0/assert/assert_less_or_equal.ts": "5fa8b6a3ffa20fd0a05032fe7257bf985d207b85685fdbcd23651b70f928c848",
    "https://deno.land/std@0.208.0/assert/assert_match.ts": "c4083f80600bc190309903c95e397a7c9257ff8b5ae5c7ef91e834704e672e9b",
    "https://deno.land/std@0.208.0/assert/assert_not_equals.ts": "9f1acab95bd1f5fc9a1b17b8027d894509a745d91bac1718fdab51dc76831754",
    "https://deno.land/std@0.208.0/assert/assert_not_instance_of.ts": "0c14d3dfd9ab7a5276ed8ed0b18c703d79a3d106102077ec437bfe7ed912bd22",
    "https://deno.land/std@0.208.0/assert/assert_not_match.ts": "3796a5b0c57a1ce6c1c57883dd4286be13a26f715ea662318ab43a8491a13ab0",
    "https://deno.land/std@0.208.0/assert/assert_not_strict_equals.ts": "4cdef83df17488df555c8aac1f7f5ec2b84ad161b6d0645ccdbcc17654e80c99",
    "https://deno.land/std@0.208.0/assert/assert_object_match.ts": "d8fc2867cfd92eeacf9cea621e10336b666de1874a6767b5ec48988838370b54",
    "https://deno.land/std@0.208.0/assert/assert_rejects.ts": "45c59724de2701e3b1f67c391d6c71c392363635aad3f68a1b3408f9efca0057",
    "https://deno.land/std@0.208.0/assert/assert_strict_equals.ts": "b1f538a7ea5f8348aeca261d4f9ca603127c665e0f2bbfeb91fa272787c87265",
    "https://deno.land/std@0.208.0/assert/assert_string_includes.ts": "b821d39ebf5cb0200a348863c86d8c4c4b398e02012ce74ad15666fc4b631b0c",
    "https://deno.land/std@0.208.0/assert/assert_throws.ts": "63784e951475cb7bdfd59878cd25a0931e18f6dc32a6077c454b2cd94f4f4bcd",
    "https://deno.land/std@0.208.0/assert/assertion_error.ts": "4d0bde9b374dfbcbe8ac23f54f567b77024fb67dbb1906a852d67fe050d42f56",
    "https://deno.land/std@0.208.0/assert/equal.ts": "9f1a46d5993966d2596c44e5858eec821859b45f783a5ee2f7a695dfc12d8ece",
    "https://deno.land/std@0.208.0/assert/fail.ts": "c36353d7ae6e1f7933d45f8ea51e358c8c4b67d7e7502028598fe1fea062e278",
    "https://deno.land/std@0.208.0/assert/mod.ts": "37c49a26aae2b254bbe25723434dc28cd7532e444cf0b481a97c045d110ec085",
    "https://deno.land/std@0.208.0/assert/unimplemented.ts": "d56fbeecb1f108331a380f72e3e010a1f161baa6956fd0f7cf3e095ae1a4c75a",
    "https://deno.land/std@0.208.0/assert/unreachable.ts": "4600dc0baf7d9c15a7f7d234f00c23bca8f3eba8b140286aaca7aa998cf9a536",
    "https://deno.land/std@0.208.0/fmt/colors.ts": "34b3f77432925eb72cf0bfb351616949746768620b8e5ead66da532f93d10ba2",
    "https://deno.land/std@0.211.0/path/_common/assert_path.ts": "2ca275f36ac1788b2acb60fb2b79cb06027198bc2ba6fb7e163efaedde98c297",
    "https://deno.land/std@0.211.0/path/_common/basename.ts": "569744855bc8445f3a56087fd2aed56bdad39da971a8d92b138c9913aecc5fa2",
    "https://deno.land/std@0.211.0/path/_common/constants.ts": "dc5f8057159f4b48cd304eb3027e42f1148cf4df1fb4240774d3492b5d12ac0c",
    "https://deno.land/std@0.211.0/path/_common/strip_trailing_separators.ts": "7024a93447efcdcfeaa9339a98fa63ef9d53de363f1fbe9858970f1bba02655a",
    "https://deno.land/std@0.211.0/path/_os.ts": "8fb9b90fb6b753bd8c77cfd8a33c2ff6c5f5bc185f50de8ca4ac6a05710b2c15",
    "https://deno.land/std@0.211.0/path/basename.ts": "5d341aadb7ada266e2280561692c165771d071c98746fcb66da928870cd47668",
    "https://deno.land/std@0.211.0/path/posix/_util.ts": "1e3937da30f080bfc99fe45d7ed23c47dd8585c5e473b2d771380d3a6937cf9d",
    "https://deno.land/std@0.211.0/path/posix/basename.ts": "39ee27a29f1f35935d3603ccf01d53f3d6e0c5d4d0f84421e65bd1afeff42843",
    "https://deno.land/std@0.211.0/path/windows/_util.ts": "d5f47363e5293fced22c984550d5e70e98e266cc3f31769e1710511803d04808",
    "https://deno.land/std@0.211.0/path/windows/basename.ts": "e2dbf31d1d6385bfab1ce38c333aa290b6d7ae9e0ecb8234a654e583cf22f8fe",
    "https://deno.land/std@0.224.0/assert/assert.ts": "09d30564c09de846855b7b071e62b5974b001bb72a4b797958fe0660e7849834",
    "https://deno.land/std@0.224.0/assert/assertion_error.ts": "ba8752bd27ebc51f723702fac2f54d3e94447598f54264a6653d6413738a8917",
    "https://deno.land/std@0.224.0/async/delay.ts": "f90dd685b97c2f142b8069082993e437b1602b8e2561134827eeb7c12b95c499",
    "https://deno.land/std@0.224.0/bytes/concat.ts": "86161274b5546a02bdb3154652418efe7af8c9310e8d54107a68aaa148e0f5ed",
    "https://deno.land/std@0.224.0/bytes/copy.ts": "08d85062240a7223e6ec4e2af193ad1a50c59a43f0d86ac3a7b16f3e0d77c028",
    "https://deno.land/std@0.224.0/io/buf_reader.ts": "aa6d589e567c964c8ba1f582648f3feac45e88ab2e3d2cc2c9f84fd73c05d051",
    "https://deno.land/std@0.224.0/io/buf_writer.ts": "3fab3fbeae7a6ed1672207b640b6781a2369890878f8a7bb35f95d364dd6dae6",
    "https://deno.land/std@0.224.0/io/types.ts": "acecb3074c730b5ff487ba4fe9ce51e67bd982aa07c95e5f5679b7b2f24ad129",
    "https://deno.land/x/grammy@v1.32.0/bot.ts": "477241b42959a7721292259b958da0601a3f50bb6cc07a642c8f74ccc3226a6c",
    "https://deno.land/x/grammy@v1.32.0/composer.ts": "dab5a40d8a6fdc734bfb218f8b2e4ef846c05b833219ddd3fdee3f145bb2660b",
    "https://deno.land/x/grammy@v1.32.0/context.ts": "29f61545dc685fff0df53ed8a5ef8ed592b2334532ad8828a889d63c5840cb63",
    "https://deno.land/x/grammy@v1.32.0/convenience/constants.ts": "1560129784be52f49aa0bea8716f09ed00dac367fef195be6a2c09bdfc43fb99",
    "https://deno.land/x/grammy@v1.32.0/convenience/frameworks.ts": "bc83a7b68cbbd2e7d3df08ccedb605b4f5ac8870f61d17dea23964c1d82a5ee6",
    "https://deno.land/x/grammy@v1.32.0/convenience/inline_query.ts": "409d1940c7670708064efa495003bcbfdf6763a756b2e6303c464489fd3394ff",
    "https://deno.land/x/grammy@v1.32.0/convenience/input_media.ts": "7af72a5fdb1af0417e31b1327003f536ddfdf64e06ab8bc7f5da6b574de38658",
    "https://deno.land/x/grammy@v1.32.0/convenience/keyboard.ts": "dcfdc05f51758855d31dc80637798e0ca1d7f9b85038a6e9e600522e7cdac490",
    "https://deno.land/x/grammy@v1.32.0/convenience/session.ts": "f0ce5742f7938aae146946c8b84d29540d20f592193ebfc217cb79e6e1af33fe",
    "https://deno.land/x/grammy@v1.32.0/convenience/webhook.ts": "722f6da8de7578ecfcd263ca07ec3b81f09e7f243fdf2a887ac0e6cab509e116",
    "https://deno.land/x/grammy@v1.32.0/core/api.ts": "8c0d9b9961ce3bda6d0e007456e3556c6f3e5cde4d24d74ac4b18625611ffa46",
    "https://deno.land/x/grammy@v1.32.0/core/client.ts": "8d6b7dbcc944d0c42e0dce6119aaafca703c053ff6a5fbff426989c0dc790228",
    "https://deno.land/x/grammy@v1.32.0/core/error.ts": "5245f18f273da6be364f525090c24d2e9a282c180904f674f66946f2b2556247",
    "https://deno.land/x/grammy@v1.32.0/core/payload.ts": "420e17c3c2830b5576ea187cfce77578fe09f1204b25c25ea2f220ca7c86e73b",
    "https://deno.land/x/grammy@v1.32.0/filter.ts": "dd30fa957e37a0857e471157bc5a21a13b8f5c3d145b512679aefb3ff5174670",
    "https://deno.land/x/grammy@v1.32.0/mod.ts": "7723e08709ff7fd01df3e463503e14e4fd1a581669380eed70351e1121e8a833",
    "https://deno.land/x/grammy@v1.32.0/platform.deno.ts": "68272a7e1d9a2d74d8a45342526485dbc0531dee812f675d7f8a4e7fc8393028",
    "https://deno.land/x/grammy@v1.32.0/types.deno.ts": "d385ea7d8d55b879fcbc40ecf0d44586baaa8b3fd8fd354175b6b0da1abd496c",
    "https://deno.land/x/grammy@v1.32.0/types.ts": "729415590dfa188dbe924dea614dff4e976babdbabb28a307b869fc25777cdf0",
    "https://deno.land/x/grammy_types@v3.16.0/api.ts": "ae04d6628e3d25ae805bc07a19475065044fc44cde0a40877405bc3544d03a5f",
    "https://deno.land/x/grammy_types@v3.16.0/inline.ts": "ef999d5131968bdc49c0b74d2b0ff94fca310edfa06b02fe1ae1ac2949156934",
    "https://deno.land/x/grammy_types@v3.16.0/langs.ts": "5f5fd09c58ba3ae942dd7cea2696f95587d2032c1829bba4bca81762b7ef73b6",
    "https://deno.land/x/grammy_types@v3.16.0/manage.ts": "2bf2395311dcfdbb97d3227048eb877cac92d2a247563bb0e4f2e45acd4f99b1",
    "https://deno.land/x/grammy_types@v3.16.0/markup.ts": "b989e0712f9731c59e6cb308371b1722d823dd55de3d6bcaf3e4ed645a42e1f9",
    "https://deno.land/x/grammy_types@v3.16.0/message.ts": "a5ff7c58690d86385dab140a54f98303b57bdc0064754e0c64fa31f1635514ce",
    "https://deno.land/x/grammy_types@v3.16.0/methods.ts": "250c1234305af8a06ea8bbb4b8886896c269f69b0c1e03a49802d1da6fb259a5",
    "https://deno.land/x/grammy_types@v3.16.0/mod.ts": "7ecea1d3f7085d64419b78183039c78d70d655aeaa8b07f118ffbfb823f5b0b7",
    "https://deno.land/x/grammy_types@v3.16.0/passport.ts": "19820e7d6c279521f8bc8912d6a378239f73d4ab525453808994b5f44ef95215",
    "https://deno.land/x/grammy_types@v3.16.0/payment.ts": "10063563b3de6fe00f701a2efb13b3c6630e840e0b17f415d59730deeff1400c",
    "https://deno.land/x/grammy_types@v3.16.0/settings.ts": "f8ff810da6f1007ed24cd504809bf46820229c395ff9bfc3e5c8ceaef5b2aae1",
    "https://deno.land/x/grammy_types@v3.16.0/update.ts": "71cc0d5ec860149b71415ba03282b1d7edd0466b36e2789521a3b3a3d7796493",
    "https://deno.land/x/redis@v0.32.4/backoff.ts": "33e4a6e245f8743fbae0ce583993a671a3ac2ecee433a3e7f0bd77b5dd541d84",
    "https://deno.land/x/redis@v0.32.4/command.ts": "aa2312d4093ec7c72d61d32a71d3d13a33cc6302ca78c8f026e1994e76541e6e",
    "https://deno.land/x/redis@v0.32.4/connection.ts": "393f1960f7ea2569ef5542c1dd7b54d5549487cf21443778553005f762bad879",
    "https://deno.land/x/redis@v0.32.4/errors.ts": "4c47b278c8a87e0f49c0f7a96c74c5bee09e4d5ea19f892923b0281707112d04",
    "https://deno.land/x/redis@v0.32.4/executor.ts": "5ac4c1f7bec44d12ebc0f3702bf074bd3ba6c1aae74953582f6358d2948718e7",
    "https://deno.land/x/redis@v0.32.4/internal/encoding.ts": "0525f7f444a96b92cd36423abdfe221f8d8de4a018dc5cb6750a428a5fc897c2",
    "https://deno.land/x/redis@v0.32.4/internal/symbols.ts": "e36097bab1da1c9fe84a3bb9cb0ed1ec10c3dc7dd0b557769c5c54e15d110dd2",
    "https://deno.land/x/redis@v0.32.4/mod.ts": "a2a2318e67db704c799a13cc840114b9f344a82cf682c933a293e90b1a02b3fa",
    "https://deno.land/x/redis@v0.32.4/pipeline.ts": "f0ec80f58a88e9b9b157155882c2bb3568890e6b4d67ad99760a6fc2c51b47ba",
    "https://deno.land/x/redis@v0.32.4/protocol/deno_streams/command.ts": "8e1e84f6d94637d8814abfac91de0916e97c6ea7d2ccab9ea9e3c9f2de283602",
    "https://deno.land/x/redis@v0.32.4/protocol/deno_streams/mod.ts": "346d473bd4e834e397ca25bbbf1021f44e577adda8d6391a41bd03b7bc8c72f4",
    "https://deno.land/x/redis@v0.32.4/protocol/deno_streams/reply.ts": "2707e9fe18608c1a9a49b4f0094397c7400141b8208170c7bcb128ceb5ddd790",
    "https://deno.land/x/redis@v0.32.4/protocol/shared/command.ts": "71639adc162dac95fa41d701a7112bcd5d5cf3fd22c1307c8840f983628540be",
    "https://deno.land/x/redis@v0.32.4/protocol/shared/protocol.ts": "5b9284ee28ec74dfc723c7c7f07dca8d5f9d303414f36689503622dfdde12551",
    "https://deno.land/x/redis@v0.32.4/protocol/shared/reply.ts": "3311ff66357bacbd60785cb43b97539c341d8a7d963bc5e80cb864ac81909ea5",
    "https://deno.land/x/redis@v0.32.4/protocol/shared/types.ts": "3d1ff5983abc1e4e56c751aaf4672042c87334cd004ce2fc0493575432151e1f",
    "https://deno.land/x/redis@v0.32.4/pubsub.ts": "a36892455b0a4a50af169332a165b0985cc90d84486087f036e507e3137b2afb",
    "https://deno.land/x/redis@v0.32.4/redis.ts": "88e72636c0c8653bd162c3127df696bab3334d0e476e184968f172121e1e4b48",
    "https://deno.land/x/redis@v0.32.4/stream.ts": "d43076815d046eb8428fcd2799544a9fd07b3480099f5fc67d2ba12fdc73725f",
    "https://deno.land/x/redis@v0.32.4/vendor/https/deno.land/std/async/delay.ts": "fe34af2a0f5fe1e45de50cdffb4dea2136cfcc34e3d9987531257fc4cd6eb157",
    "https://deno.land/x/redis@v0.32.4/vendor/https/deno.land/std/bytes/concat.ts": "095fe22eb3c52354b4d276be54e9326c751d70a5f8a8d072e5d761cb6f2cc092",
    "https://deno.land/x/redis@v0.32.4/vendor/https/deno.land/std/io/buf_reader.ts": "1f69be7812696545786985c22301d992c3f3ff10c551697a33894509156c1647",
    "https://deno.land/x/redis@v0.32.4/vendor/https/deno.land/std/io/buf_writer.ts": "6825a21ef8eeca1a1d30e29f6278d512c47eeac7086fbe9a93d0618acbd3f47b",
    "https://deno.land/x/zod@v3.22.4/ZodError.ts": "4de18ff525e75a0315f2c12066b77b5c2ae18c7c15ef7df7e165d63536fdf2ea",
    "https://deno.land/x/zod@v3.22.4/errors.ts": "5285922d2be9700cc0c70c95e4858952b07ae193aa0224be3cbd5cd5567eabef",
    "https://deno.land/x/zod@v3.22.4/external.ts": "a6cfbd61e9e097d5f42f8a7ed6f92f93f51ff927d29c9fbaec04f03cbce130fe",
    "https://deno.land/x/zod@v3.22.4/helpers/enumUtil.ts": "54efc393cc9860e687d8b81ff52e980def00fa67377ad0bf8b3104f8a5bf698c",
    "https://deno.land/x/zod@v3.22.4/helpers/errorUtil.ts": "7a77328240be7b847af6de9189963bd9f79cab32bbc61502a9db4fe6683e2ea7",
    "https://deno.land/x/zod@v3.22.4/helpers/parseUtil.ts": "f791e6e65a0340d85ad37d26cd7a3ba67126cd9957eac2b7163162155283abb1",
    "https://deno.land/x/zod@v3.22.4/helpers/partialUtil.ts": "998c2fe79795257d4d1cf10361e74492f3b7d852f61057c7c08ac0a46488b7e7",
    "https://deno.land/x/zod@v3.22.4/helpers/typeAliases.ts": "0fda31a063c6736fc3cf9090dd94865c811dfff4f3cb8707b932bf937c6f2c3e",
    "https://deno.land/x/zod@v3.22.4/helpers/util.ts": "8baf19b19b2fca8424380367b90364b32503b6b71780269a6e3e67700bb02774",
    "https://deno.land/x/zod@v3.22.4/index.ts": "d27aabd973613985574bc31f39e45cb5d856aa122ef094a9f38a463b8ef1a268",
    "https://deno.land/x/zod@v3.22.4/locales/en.ts": "a7a25cd23563ccb5e0eed214d9b31846305ddbcdb9c5c8f508b108943366ab4c",
    "https://deno.land/x/zod@v3.22.4/mod.ts": "64e55237cb4410e17d968cd08975566059f27638ebb0b86048031b987ba251c4",
    "https://deno.land/x/zod@v3.22.4/types.ts": "724185522fafe43ee56a52333958764c8c8cd6ad4effa27b42651df873fc151e",
    "https://esm.sh/@supabase/functions-js@2.94.0/denonext/functions-js.mjs": "18033b2dfd9989ed834a714740c93e681c0db18fb9ef5e4be570a60cb34116ed",
    "https://esm.sh/@supabase/functions-js@2.94.0?target=denonext": "ee94f2e5132dbbc42a8361386faab70ce965653ea502336700f62471b2243d6b",
    "https://esm.sh/@supabase/gotrue-js@2.94.0/denonext/gotrue-js.mjs": "42cac491ee9c6de4cd0102d455ca7751c0c7984fd80b59027f6804b617e4e46f",
    "https://esm.sh/@supabase/gotrue-js@2.94.0?target=denonext": "69757cf5a60f6e0ffeb37b88c54dacd2bbeeb7801dd2a50584760f392cfbe3aa",
    "https://esm.sh/@supabase/node-fetch@2.6.15/denonext/node-fetch.mjs": "0bae9052231f4f6dbccc7234d05ea96923dbf967be12f402764580b6bf9f713d",
    "https://esm.sh/@supabase/node-fetch@2.6.15?target=denonext": "4d28c4ad97328403184353f68434f2b6973971507919e9150297413664919cf3",
    "https://esm.sh/@supabase/postgrest-js@1.21.4/denonext/postgrest-js.mjs": "c3769b11ef02debc78ecf6ab4e152d3cf7dbd05bbbafeb72c160e76cc57cda3c",
    "https://esm.sh/@supabase/postgrest-js@1.21.4?target=denonext": "db2315bc0ff19690cd4239c5adb5f5787f5dea04955058ef1fca541d49555ed6",
    "https://esm.sh/@supabase/realtime-js@2.94.0/denonext/realtime-js.mjs": "9065a3af7a166f9e007e45747785279621197691275de39b2fff2e313c5cfe85",
    "https://esm.sh/@supabase/realtime-js@2.94.0?target=denonext": "d370a53be6fe1ca4fdace9662175934f5884e5e0f1ab7a38a0b039278df75bc3",
    "https://esm.sh/@supabase/storage-js@2.94.0/denonext/storage-js.mjs": "775d21b649c820c2989ab50ad0f491442fd67f7ffb44e8800e370cc495038a4d",
    "https://esm.sh/@supabase/storage-js@2.94.0?target=denonext": "6f1b102daef0f23f6e0876b892ece5905ca48716d130d450b682e8c8c9685a93",
    "https://esm.sh/@supabase/supabase-js@2.38.4": "039569070c2e83c292b347c39879a10e76aac6079c166f2e2677453a7799e933",
    "https://esm.sh/@supabase/supabase-js@2.38.4/denonext/supabase-js.mjs": "c9a6b6de54aa47e98b836b90dd0f7dd292afc990762b2c84e77aca92e94d05ba",
    "https://esm.sh/@supabase/supabase-js@2.43.4": "ed6952bb6d04f4abd86e80a0dde37f35798d483d2603cc8408baf310a21a0b36",
    "https://esm.sh/@supabase/supabase-js@2.94.0": "14282e91febcc7dc83762a5b66f09000328a8dd54c1094fdff0f35b5f6998bd9",
    "https://esm.sh/iceberg-js@0.8.1/denonext/iceberg-js.mjs": "d839d81a2e3966500ca2cdd0c1cb458e9608bacfc91f7bb67a69b2e878dcdb4f",
    "https://esm.sh/iceberg-js@0.8.1?target=denonext": "58c849d7fe2bf4eca4a84eb501e83c161a7d8c34ca1bec15a962b3bec3062633",
    "https://esm.sh/standardwebhooks@1.0.0": "b8cafcb7e9a890c14c0eb74cb093f36333000122e2276cc204818f6a680c8ba9",
    "https://esm.sh/tr46@0.0.3/denonext/tr46.mjs": "5753ec0a99414f4055f0c1f97691100f13d88e48a8443b00aebb90a512785fa2",
    "https://esm.sh/tr46@0.0.3?target=denonext": "19cb9be0f0d418a0c3abb81f2df31f080e9540a04e43b0f699bce1149cba0cbb",
    "https://esm.sh/tslib@2.8.1/denonext/tslib.mjs": "c38da5dd6da6281964435002ce204cd586634fe3bdfb24a0ee116f48cf3292e9",
    "https://esm.sh/webidl-conversions@3.0.1/denonext/webidl-conversions.mjs": "238cd0743827707cbc1c2d7c2cf1027dbc536fb53ec9a3fde0ff8026a3ac5385",
    "https://esm.sh/webidl-conversions@3.0.1?target=denonext": "4e20318d50528084616c79d7b3f6e7f0fe7b6d09013bd01b3974d7448d767e29",
    "https://esm.sh/whatwg-url@5.0.0/denonext/whatwg-url.mjs": "29b16d74ee72624c915745bbd25b617cfd2248c6af0f5120d131e232a9a9af79",
    "https://esm.sh/whatwg-url@5.0.0?target=denonext": "f001a2cadf81312d214ca330033f474e74d81a003e21e8c5d70a1f46dc97b02d"
  },
  "workspace": {
    "dependencies": [
      "jsr:@hono/hono@4",
      "jsr:@std/assert@1",
      "jsr:@std/async@1",
      "jsr:@std/bytes@1",
      "jsr:@std/crypto@1",
      "jsr:@std/encoding@1",
      "jsr:@std/http@1",
      "jsr:@std/streams@1",
      "jsr:@std/uuid@1",
      "jsr:@std/zod@^3.24.0",
      "jsr:@supabase/supabase-js@^2.47.10",
      "jsr:@valibot/valibot@1",
      "npm:@opentelemetry/api@^1.9.0",
      "npm:@opentelemetry/exporter-trace-otlp-http@0.56",
      "npm:@opentelemetry/sdk-trace-base@^1.28.0"
    ]
  }
}
